
Microsoft Visual Studio Solution File, Format Version 12.00
# Visual Studio Version 16
VisualStudioVersion = 16.0.30907.101
MinimumVisualStudioVersion = 10.0.40219.1
Project("{FAE04EC0-301F-11D3-BF4B-00C04F79EFBC}") = "Lab27_PoorMansReddit", "Lab27_PoorMansReddit\Lab27_PoorMansReddit.csproj", "{315E5D28-A6C6-4ED9-A2EF-D3E0ABAD4710}"
EndProject
Global
	GlobalSection(SolutionConfigurationPlatforms) = preSolution
		Debug|Any CPU = Debug|Any CPU
		Release|Any CPU = Release|Any CPU
	EndGlobalSection
	GlobalSection(ProjectConfigurationPlatforms) = postSolution
		{315E5D28-A6C6-4ED9-A2EF-D3E0ABAD4710}.Debug|Any CPU.ActiveCfg = Debug|Any CPU
		{315E5D28-A6C6-4ED9-A2EF-D3E0ABAD4710}.Debug|Any CPU.Build.0 = Debug|Any CPU
		{315E5D28-A6C6-4ED9-A2EF-D3E0ABAD4710}.Release|Any CPU.ActiveCfg = Release|Any CPU
		{315E5D28-A6C6-4ED9-A2EF-D3E0ABAD4710}.Release|Any CPU.Build.0 = Release|Any CPU
	EndGlobalSection
	GlobalSection(SolutionProperties) = preSolution
		HideSolutionNode = FALSE
	EndGlobalSection
	GlobalSection(ExtensibilityGlobals) = postSolution
		SolutionGuid = {1381950D-24EF-4E94-8417-162FD7C7FF61}
	EndGlobalSection
EndGlobal
